
Microsoft Visual Studio Solution File, Format Version 12.00
# Visual Studio Version 17
VisualStudioVersion = 17.5.002.0
MinimumVisualStudioVersion = 10.0.40219.1
Project("{9A19103F-16F7-4668-BE54-9A1E7A4F7556}") = "SecuIntegrator24BO", "BusinessObject\SecuIntegrator24BO.csproj", "{93A2985F-9409-4633-A893-C9B4DEA1CD97}"
EndProject
Project("{9A19103F-16F7-4668-BE54-9A1E7A4F7556}") = "SecuIntegrator24SIO", "SystemInfrastructureObject\SecuIntegrator24SIO.csproj", "{4615AC56-E348-4516-B6A8-5BB919C48B87}"
EndProject
Project("{9A19103F-16F7-4668-BE54-9A1E7A4F7556}") = "SecuIntegrator24.Test", "Tests\SecuIntegrator24.Test.csproj", "{89AE7B65-B378-4D3F-B19A-2D992B424BDC}"
EndProject
Project("{9A19103F-16F7-4668-BE54-9A1E7A4F7556}") = "SecuIntegrator24", "WinApp\SecuIntegrator24.csproj", "{512BFB77-9BF8-49AA-A088-FEF5DACE79B4}"
EndProject
Global
	GlobalSection(SolutionConfigurationPlatforms) = preSolution
		Debug|Any CPU = Debug|Any CPU
		Release|Any CPU = Release|Any CPU
	EndGlobalSection
	GlobalSection(ProjectConfigurationPlatforms) = postSolution
		{93A2985F-9409-4633-A893-C9B4DEA1CD97}.Debug|Any CPU.ActiveCfg = Debug|Any CPU
		{93A2985F-9409-4633-A893-C9B4DEA1CD97}.Debug|Any CPU.Build.0 = Debug|Any CPU
		{93A2985F-9409-4633-A893-C9B4DEA1CD97}.Release|Any CPU.ActiveCfg = Release|Any CPU
		{93A2985F-9409-4633-A893-C9B4DEA1CD97}.Release|Any CPU.Build.0 = Release|Any CPU
		{4615AC56-E348-4516-B6A8-5BB919C48B87}.Debug|Any CPU.ActiveCfg = Debug|Any CPU
		{4615AC56-E348-4516-B6A8-5BB919C48B87}.Debug|Any CPU.Build.0 = Debug|Any CPU
		{4615AC56-E348-4516-B6A8-5BB919C48B87}.Release|Any CPU.ActiveCfg = Release|Any CPU
		{4615AC56-E348-4516-B6A8-5BB919C48B87}.Release|Any CPU.Build.0 = Release|Any CPU
		{89AE7B65-B378-4D3F-B19A-2D992B424BDC}.Debug|Any CPU.ActiveCfg = Debug|Any CPU
		{89AE7B65-B378-4D3F-B19A-2D992B424BDC}.Debug|Any CPU.Build.0 = Debug|Any CPU
		{89AE7B65-B378-4D3F-B19A-2D992B424BDC}.Release|Any CPU.ActiveCfg = Release|Any CPU
		{89AE7B65-B378-4D3F-B19A-2D992B424BDC}.Release|Any CPU.Build.0 = Release|Any CPU
		{512BFB77-9BF8-49AA-A088-FEF5DACE79B4}.Debug|Any CPU.ActiveCfg = Debug|Any CPU
		{512BFB77-9BF8-49AA-A088-FEF5DACE79B4}.Debug|Any CPU.Build.0 = Debug|Any CPU
		{512BFB77-9BF8-49AA-A088-FEF5DACE79B4}.Release|Any CPU.ActiveCfg = Release|Any CPU
		{512BFB77-9BF8-49AA-A088-FEF5DACE79B4}.Release|Any CPU.Build.0 = Release|Any CPU
	EndGlobalSection
	GlobalSection(SolutionProperties) = preSolution
		HideSolutionNode = FALSE
	EndGlobalSection
	GlobalSection(ExtensibilityGlobals) = postSolution
		SolutionGuid = {FDC29DAE-AF5C-4FBA-8771-CD1FC44B659F}
	EndGlobalSection
EndGlobal
